{
  "version": 4,
  "terraform_version": "1.5.7",
  "serial": 27,
  "lineage": "6b22458f-eb80-0690-a23f-37af2bd1bfb3",
  "outputs": {
    "account_id": {
      "value": "255901296299",
      "type": "string"
    },
    "aws_region": {
      "value": "",
      "type": "string"
    },
    "redshift_cluster_hostname": {
      "value": "redshift-cluster-pipeline.cofh3obkzwag.us-east-1.redshift.amazonaws.com",
      "type": "string"
    },
    "redshift_password": {
      "value": "",
      "type": "string"
    },
    "redshift_port": {
      "value": 5439,
      "type": "number"
    },
    "redshift_role": {
      "value": "RedShiftLoadRole",
      "type": "string"
    },
    "redshift_username": {
      "value": "awsuser",
      "type": "string"
    },
    "s3_bucket_name": {
      "value": "",
      "type": "string"
    }
  },
  "resources": [
    {
      "mode": "data",
      "type": "aws_caller_identity",
      "name": "current",
      "provider": "provider[\"registry.terraform.io/hashicorp/aws\"]",
      "instances": [
        {
          "schema_version": 0,
          "attributes": {
            "account_id": "255901296299",
            "arn": "arn:aws:iam::255901296299:user/simonchen",
            "id": "255901296299",
            "user_id": "AIDATXFHH42VRP2ZRLGF2"
          },
          "sensitive_attributes": []
        }
      ]
    },
    {
      "mode": "managed",
      "type": "aws_iam_role",
      "name": "redshift_role",
      "provider": "provider[\"registry.terraform.io/hashicorp/aws\"]",
      "instances": [
        {
          "schema_version": 0,
          "attributes": {
            "arn": "arn:aws:iam::255901296299:role/RedShiftLoadRole",
            "assume_role_policy": "{\"Statement\":[{\"Action\":\"sts:AssumeRole\",\"Effect\":\"Allow\",\"Principal\":{\"Service\":\"redshift.amazonaws.com\"},\"Sid\":\"\"}],\"Version\":\"2012-10-17\"}",
            "create_date": "2023-09-19T19:51:40Z",
            "description": "",
            "force_detach_policies": false,
            "id": "RedShiftLoadRole",
            "inline_policy": [],
            "managed_policy_arns": [
              "arn:aws:iam::aws:policy/AmazonS3ReadOnlyAccess"
            ],
            "max_session_duration": 3600,
            "name": "RedShiftLoadRole",
            "name_prefix": "",
            "path": "/",
            "permissions_boundary": null,
            "role_last_used": [
              {
                "last_used_date": "",
                "region": ""
              }
            ],
            "tags": null,
            "tags_all": {},
            "unique_id": "AROATXFHH42VVF4CQRKOA"
          },
          "sensitive_attributes": [],
          "private": "bnVsbA=="
        }
      ]
    },
    {
      "mode": "managed",
      "type": "aws_redshift_cluster",
      "name": "redshift",
      "provider": "provider[\"registry.terraform.io/hashicorp/aws\"]",
      "instances": [
        {
          "schema_version": 0,
          "attributes": {
            "allow_version_upgrade": true,
            "apply_immediately": false,
            "aqua_configuration_status": "auto",
            "arn": "arn:aws:redshift:us-east-1:255901296299:cluster:redshift-cluster-pipeline",
            "automated_snapshot_retention_period": 1,
            "availability_zone": "us-east-1e",
            "availability_zone_relocation_enabled": false,
            "cluster_identifier": "redshift-cluster-pipeline",
            "cluster_nodes": [
              {
                "node_role": "SHARED",
                "private_ip_address": "172.31.60.221",
                "public_ip_address": "34.228.0.102"
              }
            ],
            "cluster_parameter_group_name": "default.redshift-1.0",
            "cluster_public_key": "ssh-rsa AAAAB3NzaC1yc2EAAAADAQABAAABAQDWBlOQ1/5/TTDWI6uKt5+yXuQP4gDtoEaWXO3+ccs1ogV4fQJbkX5dsUP9rpektYSs1HTrB/qiUkPLC6Ot7EvuxvMWjbubz+PudfPDzKHmoXOM1AcNf0qmsb8AhuPyP6ZbajRU6p2xuyDJPGkGmefKpQEtOSebT12VTibKrzfxRZW5dUF4oVZ6Qz/X0fPRU+gZ2fD6I6dXd85oGYUFDdLN2HQ10XOokefQLuFWdcx/bUSj26p7xh+N3E9HRhPPL8pYThqKEEUOx+WDx3ImiXS3tQ61bLKypQyKHF9twSpBb/7h7pyL9mz8h7mG8bEnWxuG+ii7c+7VsJnX1hTIuG7h Amazon-Redshift\n",
            "cluster_revision_number": "54052",
            "cluster_security_groups": [],
            "cluster_subnet_group_name": "default",
            "cluster_type": "single-node",
            "cluster_version": "1.0",
            "database_name": "",
            "default_iam_role_arn": "",
            "dns_name": "redshift-cluster-pipeline.cofh3obkzwag.us-east-1.redshift.amazonaws.com",
            "elastic_ip": null,
            "encrypted": false,
            "endpoint": "redshift-cluster-pipeline.cofh3obkzwag.us-east-1.redshift.amazonaws.com:5439",
            "enhanced_vpc_routing": false,
            "final_snapshot_identifier": null,
            "iam_roles": [
              "arn:aws:iam::255901296299:role/RedShiftLoadRole"
            ],
            "id": "redshift-cluster-pipeline",
            "kms_key_id": "",
            "logging": [
              {
                "bucket_name": "",
                "enable": false,
                "log_destination_type": "",
                "log_exports": [],
                "s3_key_prefix": ""
              }
            ],
            "maintenance_track_name": "current",
            "manual_snapshot_retention_period": -1,
            "master_password": "Simonchen03186",
            "master_username": "awsuser",
            "node_type": "dc2.large",
            "number_of_nodes": 1,
            "owner_account": null,
            "port": 5439,
            "preferred_maintenance_window": "mon:08:30-mon:09:00",
            "publicly_accessible": true,
            "skip_final_snapshot": true,
            "snapshot_cluster_identifier": null,
            "snapshot_copy": [],
            "snapshot_identifier": null,
            "tags": null,
            "tags_all": {},
            "timeouts": null,
            "vpc_security_group_ids": [
              "sg-088c99a3c8b06b683"
            ]
          },
          "sensitive_attributes": [],
          "private": "eyJlMmJmYjczMC1lY2FhLTExZTYtOGY4OC0zNDM2M2JjN2M0YzAiOnsiY3JlYXRlIjo0NTAwMDAwMDAwMDAwLCJkZWxldGUiOjI0MDAwMDAwMDAwMDAsInVwZGF0ZSI6NDUwMDAwMDAwMDAwMH19",
          "dependencies": [
            "aws_iam_role.redshift_role",
            "aws_security_group.sg_redshift"
          ]
        }
      ]
    },
    {
      "mode": "managed",
      "type": "aws_s3_bucket",
      "name": "reddit_bucket",
      "provider": "provider[\"registry.terraform.io/hashicorp/aws\"]",
      "instances": [
        {
          "schema_version": 0,
          "attributes": {
            "acceleration_status": "",
            "acl": null,
            "arn": "arn:aws:s3:::terraform-20230919195140061900000001",
            "bucket": "terraform-20230919195140061900000001",
            "bucket_domain_name": "terraform-20230919195140061900000001.s3.amazonaws.com",
            "bucket_prefix": "terraform-",
            "bucket_regional_domain_name": "terraform-20230919195140061900000001.s3.amazonaws.com",
            "cors_rule": [],
            "force_destroy": true,
            "grant": [
              {
                "id": "b153f48e7ce5465b6139fdbe5afd4d1a73b5157e2844e60c7344029957a036db",
                "permissions": [
                  "FULL_CONTROL"
                ],
                "type": "CanonicalUser",
                "uri": ""
              }
            ],
            "hosted_zone_id": "Z3AQBSTGFYJSTF",
            "id": "terraform-20230919195140061900000001",
            "lifecycle_rule": [],
            "logging": [],
            "object_lock_configuration": [],
            "object_lock_enabled": false,
            "policy": "",
            "region": "us-east-1",
            "replication_configuration": [],
            "request_payer": "BucketOwner",
            "server_side_encryption_configuration": [
              {
                "rule": [
                  {
                    "apply_server_side_encryption_by_default": [
                      {
                        "kms_master_key_id": "",
                        "sse_algorithm": "AES256"
                      }
                    ],
                    "bucket_key_enabled": false
                  }
                ]
              }
            ],
            "tags": null,
            "tags_all": {},
            "timeouts": null,
            "versioning": [
              {
                "enabled": false,
                "mfa_delete": false
              }
            ],
            "website": [],
            "website_domain": null,
            "website_endpoint": null
          },
          "sensitive_attributes": [],
          "private": "eyJlMmJmYjczMC1lY2FhLTExZTYtOGY4OC0zNDM2M2JjN2M0YzAiOnsiY3JlYXRlIjoxMjAwMDAwMDAwMDAwLCJkZWxldGUiOjM2MDAwMDAwMDAwMDAsInJlYWQiOjEyMDAwMDAwMDAwMDAsInVwZGF0ZSI6MTIwMDAwMDAwMDAwMH19"
        }
      ]
    },
    {
      "mode": "managed",
      "type": "aws_security_group",
      "name": "sg_redshift",
      "provider": "provider[\"registry.terraform.io/hashicorp/aws\"]",
      "instances": [
        {
          "schema_version": 1,
          "attributes": {
            "arn": "arn:aws:ec2:us-east-1:255901296299:security-group/sg-088c99a3c8b06b683",
            "description": "Managed by Terraform",
            "egress": [
              {
                "cidr_blocks": [
                  "0.0.0.0/0"
                ],
                "description": "",
                "from_port": 0,
                "ipv6_cidr_blocks": [],
                "prefix_list_ids": [],
                "protocol": "-1",
                "security_groups": [],
                "self": false,
                "to_port": 0
              }
            ],
            "id": "sg-088c99a3c8b06b683",
            "ingress": [
              {
                "cidr_blocks": [
                  "0.0.0.0/0"
                ],
                "description": "",
                "from_port": 0,
                "ipv6_cidr_blocks": [],
                "prefix_list_ids": [],
                "protocol": "-1",
                "security_groups": [],
                "self": false,
                "to_port": 0
              }
            ],
            "name": "sg_redshift",
            "name_prefix": "",
            "owner_id": "255901296299",
            "revoke_rules_on_delete": false,
            "tags": null,
            "tags_all": {},
            "timeouts": null,
            "vpc_id": "vpc-03634fbf310bf6f54"
          },
          "sensitive_attributes": [],
          "private": "eyJlMmJmYjczMC1lY2FhLTExZTYtOGY4OC0zNDM2M2JjN2M0YzAiOnsiY3JlYXRlIjo2MDAwMDAwMDAwMDAsImRlbGV0ZSI6OTAwMDAwMDAwMDAwfSwic2NoZW1hX3ZlcnNpb24iOiIxIn0="
        }
      ]
    }
  ],
  "check_results": null
}
